// !$*UTF8*$!
{
	archiveVersion = 1;
	classes = {
	};
	objectVersion = 77;
	objects = {

/* Begin PBXBuildFile section */
		CA0000000000000000000001 /* CubingCore in Frameworks */ = {isa = PBXBuildFile; productRef = CA0000000000000000000012 /* CubingCore */; };
		CA0000000000000000000013 /* CubeLink in Frameworks */ = {isa = PBXBuildFile; productRef = CA0000000000000000000014 /* CubeLink */; };
/* End PBXBuildFile section */

/* Begin PBXFileReference section */
		CA0000000000000000000002 /* CubingApp.app */ = {isa = PBXFileReference; explicitFileType = wrapper.application; includeInIndex = 0; path = CubingApp.app; sourceTree = BUILT_PRODUCTS_DIR; };
/* End PBXFileReference section */

/* Begin PBXFileSystemSynchronizedRootGroup section */
		CA0000000000000000000003 /* CubingApp */ = {
			isa = PBXFileSystemSynchronizedRootGroup;
			path = CubingApp;
			sourceTree = "<group>";
		};
/* End PBXFileSystemSynchronizedRootGroup section */

/* Begin PBXFrameworksBuildPhase section */
		CA0000000000000000000004 /* Frameworks */ = {
			isa = PBXFrameworksBuildPhase;
			buildActionMask = 2147483647;
			files = (
				CA0000000000000000000001 /* CubingCore in Frameworks */,
				CA0000000000000000000013 /* CubeLink in Frameworks */,
			);
			runOnlyForDeploymentPostprocessing = 0;
		};
/* End PBXFrameworksBuildPhase section */

/* Begin PBXGroup section */
		CA0000000000000000000005 = {
			isa = PBXGroup;
			children = (
				CA0000000000000000000003 /* CubingApp */,
				CA0000000000000000000006 /* Products */,
			);
			sourceTree = "<group>";
		};
		CA0000000000000000000006 /* Products */ = {
			isa = PBXGroup;
			children = (
				CA0000000000000000000002 /* CubingApp.app */,
			);
			name = Products;
			sourceTree = "<group>";
		};
/* End PBXGroup section */

/* Begin PBXNativeTarget section */
		CA0000000000000000000007 /* CubingApp */ = {
			isa = PBXNativeTarget;
			buildConfigurationList = CA0000000000000000000010 /* Build configuration list for PBXNativeTarget "CubingApp" */;
			buildPhases = (
				CA000000000000000000000A /* Sources */,
				CA0000000000000000000004 /* Frameworks */,
				CA0000000000000000000009 /* Resources */,
			);
			buildRules = (
			);
			dependencies = (
			);
			fileSystemSynchronizedGroups = (
				CA0000000000000000000003 /* CubingApp */,
			);
			name = CubingApp;
			packageProductDependencies = (
				CA0000000000000000000012 /* CubingCore */,
				CA0000000000000000000014 /* CubeLink */,
			);
			productName = CubingApp;
			productReference = CA0000000000000000000002 /* CubingApp.app */;
			productType = "com.apple.product-type.application";
		};
/* End PBXNativeTarget section */

/* Begin PBXProject section */
		CA0000000000000000000008 /* Project object */ = {
			isa = PBXProject;
			attributes = {
				BuildIndependentTargetsInParallel = 1;
				LastSwiftUpdateCheck = 2600;
				LastUpgradeCheck = 2600;
				TargetAttributes = {
					CA0000000000000000000007 = {
						CreatedOnToolsVersion = 26.0;
					};
				};
			};
			buildConfigurationList = CA000000000000000000000F /* Build configuration list for PBXProject "CubingApp" */;
			developmentRegion = en;
			hasScannedForEncodings = 0;
			knownRegions = (
				en,
				Base,
			);
			mainGroup = CA0000000000000000000005;
			minimizedProjectReferenceProxies = 1;
			packageReferences = (
				CA0000000000000000000011 /* XCLocalSwiftPackageReference "../CubingCore" */,
			);
			preferredProjectObjectVersion = 77;
			productRefGroup = CA0000000000000000000006 /* Products */;
			projectDirPath = "";
			projectRoot = "";
			targets = (
				CA0000000000000000000007 /* CubingApp */,
			);
		};
/* End PBXProject section */

/* Begin PBXResourcesBuildPhase section */
		CA0000000000000000000009 /* Resources */ = {
			isa = PBXResourcesBuildPhase;
			buildActionMask = 2147483647;
			files = (
			);
			runOnlyForDeploymentPostprocessing = 0;
		};
/* End PBXResourcesBuildPhase section */

/* Begin PBXSourcesBuildPhase section */
		CA000000000000000000000A /* Sources */ = {
			isa = PBXSourcesBuildPhase;
			buildActionMask = 2147483647;
			files = (
			);
			runOnlyForDeploymentPostprocessing = 0;
		};
/* End PBXSourcesBuildPhase section */

/* Begin XCBuildConfiguration section */
		CA000000000000000000000B /* Debug */ = {
			isa = XCBuildConfiguration;
			buildSettings = {
				ALWAYS_SEARCH_USER_PATHS = NO;
				CLANG_ENABLE_MODULES = YES;
				DEBUG_INFORMATION_FORMAT = dwarf;
				ENABLE_TESTABILITY = YES;
				GCC_OPTIMIZATION_LEVEL = 0;
				IPHONEOS_DEPLOYMENT_TARGET = 17.0;
				ONLY_ACTIVE_ARCH = YES;
				SDKROOT = iphoneos;
				SWIFT_ACTIVE_COMPILATION_CONDITIONS = "DEBUG $(inherited)";
				SWIFT_OPTIMIZATION_LEVEL = "-Onone";
			};
			name = Debug;
		};
		CA000000000000000000000C /* Release */ = {
			isa = XCBuildConfiguration;
			buildSettings = {
				ALWAYS_SEARCH_USER_PATHS = NO;
				CLANG_ENABLE_MODULES = YES;
				DEBUG_INFORMATION_FORMAT = "dwarf-with-dsym";
				IPHONEOS_DEPLOYMENT_TARGET = 17.0;
				SDKROOT = iphoneos;
				SWIFT_COMPILATION_MODE = wholemodule;
				SWIFT_OPTIMIZATION_LEVEL = "-O";
				VALIDATE_PRODUCT = YES;
			};
			name = Release;
		};
		CA000000000000000000000D /* Debug */ = {
			isa = XCBuildConfiguration;
			buildSettings = {
				CODE_SIGN_STYLE = Automatic;
				CURRENT_PROJECT_VERSION = 1;
				DEVELOPMENT_TEAM = MJNJK7K7NQ;
				GENERATE_INFOPLIST_FILE = YES;
				INFOPLIST_KEY_CFBundleDisplayName = "Cubing Native";
				INFOPLIST_KEY_NSBluetoothAlwaysUsageDescription = "Connects to your smart cube so the app can mirror and time your solves.";
				INFOPLIST_KEY_UIApplicationSceneManifest_Generation = YES;
				INFOPLIST_KEY_UILaunchScreen_Generation = YES;
				INFOPLIST_KEY_UISupportedInterfaceOrientations = UIInterfaceOrientationPortrait;
				LD_RUNPATH_SEARCH_PATHS = (
					"$(inherited)",
					"@executable_path/Frameworks",
				);
				MARKETING_VERSION = 1.0;
				PRODUCT_BUNDLE_IDENTIFIER = com.cubingcompanion.native;
				PRODUCT_NAME = "$(TARGET_NAME)";
				SWIFT_VERSION = 6.0;
				TARGETED_DEVICE_FAMILY = 1;
			};
			name = Debug;
		};
		CA000000000000000000000E /* Release */ = {
			isa = XCBuildConfiguration;
			buildSettings = {
				CODE_SIGN_STYLE = Automatic;
				CURRENT_PROJECT_VERSION = 1;
				DEVELOPMENT_TEAM = MJNJK7K7NQ;
				GENERATE_INFOPLIST_FILE = YES;
				INFOPLIST_KEY_CFBundleDisplayName = "Cubing Native";
				INFOPLIST_KEY_NSBluetoothAlwaysUsageDescription = "Connects to your smart cube so the app can mirror and time your solves.";
				INFOPLIST_KEY_UIApplicationSceneManifest_Generation = YES;
				INFOPLIST_KEY_UILaunchScreen_Generation = YES;
				INFOPLIST_KEY_UISupportedInterfaceOrientations = UIInterfaceOrientationPortrait;
				LD_RUNPATH_SEARCH_PATHS = (
					"$(inherited)",
					"@executable_path/Frameworks",
				);
				MARKETING_VERSION = 1.0;
				PRODUCT_BUNDLE_IDENTIFIER = com.cubingcompanion.native;
				PRODUCT_NAME = "$(TARGET_NAME)";
				SWIFT_VERSION = 6.0;
				TARGETED_DEVICE_FAMILY = 1;
			};
			name = Release;
		};
/* End XCBuildConfiguration section */

/* Begin XCConfigurationList section */
		CA000000000000000000000F /* Build configuration list for PBXProject "CubingApp" */ = {
			isa = XCConfigurationList;
			buildConfigurations = (
				CA000000000000000000000B /* Debug */,
				CA000000000000000000000C /* Release */,
			);
			defaultConfigurationIsVisible = 0;
			defaultConfigurationName = Release;
		};
		CA0000000000000000000010 /* Build configuration list for PBXNativeTarget "CubingApp" */ = {
			isa = XCConfigurationList;
			buildConfigurations = (
				CA000000000000000000000D /* Debug */,
				CA000000000000000000000E /* Release */,
			);
			defaultConfigurationIsVisible = 0;
			defaultConfigurationName = Release;
		};
/* End XCConfigurationList section */

/* Begin XCLocalSwiftPackageReference section */
		CA0000000000000000000011 /* XCLocalSwiftPackageReference "../CubingCore" */ = {
			isa = XCLocalSwiftPackageReference;
			relativePath = ../CubingCore;
		};
/* End XCLocalSwiftPackageReference section */

/* Begin XCSwiftPackageProductDependency section */
		CA0000000000000000000012 /* CubingCore */ = {
			isa = XCSwiftPackageProductDependency;
			productName = CubingCore;
		};
		CA0000000000000000000014 /* CubeLink */ = {
			isa = XCSwiftPackageProductDependency;
			productName = CubeLink;
		};
/* End XCSwiftPackageProductDependency section */
	};
	rootObject = CA0000000000000000000008 /* Project object */;
}
